// !$*UTF8*$!
{
	archiveVersion = 1;
	classes = {
	};
	objectVersion = 46;
	objects = {

/* Begin PBXBuildFile section */
		EB1BC07F187F48970056D80D /* Foundation.framework in Frameworks */ = {isa = PBXBuildFile; fileRef = EB1BC07E187F48970056D80D /* Foundation.framework */; };
		EB1BC081187F48970056D80D /* CoreGraphics.framework in Frameworks */ = {isa = PBXBuildFile; fileRef = EB1BC080187F48970056D80D /* CoreGraphics.framework */; };
		EB1BC083187F48970056D80D /* UIKit.framework in Frameworks */ = {isa = PBXBuildFile; fileRef = EB1BC082187F48970056D80D /* UIKit.framework */; };
		EB1BC085187F48970056D80D /* SpriteKit.framework in Frameworks */ = {isa = PBXBuildFile; fileRef = EB1BC084187F48970056D80D /* SpriteKit.framework */; };
		EB1BC08B187F48970056D80D /* InfoPlist.strings in Resources */ = {isa = PBXBuildFile; fileRef = EB1BC089187F48970056D80D /* InfoPlist.strings */; };
		EB1BC08D187F48970056D80D /* main.m in Sources */ = {isa = PBXBuildFile; fileRef = EB1BC08C187F48970056D80D /* main.m */; };
		EB1BC091187F48970056D80D /* PPAppDelegate.m in Sources */ = {isa = PBXBuildFile; fileRef = EB1BC090187F48970056D80D /* PPAppDelegate.m */; };
		EB1BC094187F48970056D80D /* Main.storyboard in Resources */ = {isa = PBXBuildFile; fileRef = EB1BC092187F48970056D80D /* Main.storyboard */; };
		EB1BC097187F48970056D80D /* PPViewController.m in Sources */ = {isa = PBXBuildFile; fileRef = EB1BC096187F48970056D80D /* PPViewController.m */; };
		EB1BC09A187F48970056D80D /* PPMyScene.m in Sources */ = {isa = PBXBuildFile; fileRef = EB1BC099187F48970056D80D /* PPMyScene.m */; };
		EB1BC09C187F48970056D80D /* Spaceship.png in Resources */ = {isa = PBXBuildFile; fileRef = EB1BC09B187F48970056D80D /* Spaceship.png */; };
		EB1BC09E187F48970056D80D /* Images.xcassets in Resources */ = {isa = PBXBuildFile; fileRef = EB1BC09D187F48970056D80D /* Images.xcassets */; };
		EB1BC0A5187F48970056D80D /* XCTest.framework in Frameworks */ = {isa = PBXBuildFile; fileRef = EB1BC0A4187F48970056D80D /* XCTest.framework */; };
		EB1BC0A6187F48970056D80D /* Foundation.framework in Frameworks */ = {isa = PBXBuildFile; fileRef = EB1BC07E187F48970056D80D /* Foundation.framework */; };
		EB1BC0A7187F48970056D80D /* UIKit.framework in Frameworks */ = {isa = PBXBuildFile; fileRef = EB1BC082187F48970056D80D /* UIKit.framework */; };
		EB1BC0AF187F48970056D80D /* InfoPlist.strings in Resources */ = {isa = PBXBuildFile; fileRef = EB1BC0AD187F48970056D80D /* InfoPlist.strings */; };
		EB1BC0B1187F48970056D80D /* PaperPlane_FightingTests.m in Sources */ = {isa = PBXBuildFile; fileRef = EB1BC0B0187F48970056D80D /* PaperPlane_FightingTests.m */; };
		EB29AF3C18A43CA400A75689 /* B 2.png in Resources */ = {isa = PBXBuildFile; fileRef = EB29AF3B18A43CA400A75689 /* B 2.png */; };
		EB7D82D518A57C8D006EC594 /* SKButtonNode.m in Sources */ = {isa = PBXBuildFile; fileRef = EB7D82D418A57C8D006EC594 /* SKButtonNode.m */; };
		EB7D82DE18A580ED006EC594 /* PLANE 1 N.png in Resources */ = {isa = PBXBuildFile; fileRef = EB7D82D618A580ED006EC594 /* PLANE 1 N.png */; };
		EB7D82DF18A580ED006EC594 /* PLANE 2 N.png in Resources */ = {isa = PBXBuildFile; fileRef = EB7D82D718A580ED006EC594 /* PLANE 2 N.png */; };
		EB7D82E018A580ED006EC594 /* PLANE 8 L.png in Resources */ = {isa = PBXBuildFile; fileRef = EB7D82D818A580ED006EC594 /* PLANE 8 L.png */; };
		EB7D82E118A580ED006EC594 /* PLANE 8 N.png in Resources */ = {isa = PBXBuildFile; fileRef = EB7D82D918A580ED006EC594 /* PLANE 8 N.png */; };
		EB7D82E218A580ED006EC594 /* PLANE 8 R.png in Resources */ = {isa = PBXBuildFile; fileRef = EB7D82DA18A580ED006EC594 /* PLANE 8 R.png */; };
		EB7D82E318A580ED006EC594 /* PLANE 8 SHADOW.png in Resources */ = {isa = PBXBuildFile; fileRef = EB7D82DB18A580ED006EC594 /* PLANE 8 SHADOW.png */; };
		EB7D82E418A580ED006EC594 /* PLANE PROPELLER 1.png in Resources */ = {isa = PBXBuildFile; fileRef = EB7D82DC18A580ED006EC594 /* PLANE PROPELLER 1.png */; };
		EB7D82E518A580ED006EC594 /* PLANE PROPELLER 2.png in Resources */ = {isa = PBXBuildFile; fileRef = EB7D82DD18A580ED006EC594 /* PLANE PROPELLER 2.png */; };
		EB7D82E718A593FE006EC594 /* airPlanesBackground.png in Resources */ = {isa = PBXBuildFile; fileRef = EB7D82E618A593FE006EC594 /* airPlanesBackground.png */; };
		EB7D82F118A69D45006EC594 /* PPConstants.m in Sources */ = {isa = PBXBuildFile; fileRef = EB7D82F018A69D45006EC594 /* PPConstants.m */; };
		EB97D7851891BAB40039AC04 /* SKShapeNode+Additions.m in Sources */ = {isa = PBXBuildFile; fileRef = EB97D7841891BAB40039AC04 /* SKShapeNode+Additions.m */; };
		EB97D7881891BE390039AC04 /* SKSpriteNode+Additions.m in Sources */ = {isa = PBXBuildFile; fileRef = EB97D7871891BE390039AC04 /* SKSpriteNode+Additions.m */; };
		EB97D78C1891C91C0039AC04 /* PPSpriteNode.m in Sources */ = {isa = PBXBuildFile; fileRef = EB97D78B1891C91C0039AC04 /* PPSpriteNode.m */; };
		EB97D78F1891D92F0039AC04 /* PPMath.m in Sources */ = {isa = PBXBuildFile; fileRef = EB97D78E1891D92F0039AC04 /* PPMath.m */; };
		EBC1BC8B18A7D7A8006DF94A /* PPMainAirplane.m in Sources */ = {isa = PBXBuildFile; fileRef = EBC1BC8A18A7D7A8006DF94A /* PPMainAirplane.m */; };
		EBC1BC8E18A7D7CA006DF94A /* PPMissile.m in Sources */ = {isa = PBXBuildFile; fileRef = EBC1BC8D18A7D7CA006DF94A /* PPMissile.m */; };
		EBC1BC9118A7D7E0006DF94A /* PPHunterAirplane.m in Sources */ = {isa = PBXBuildFile; fileRef = EBC1BC9018A7D7E0006DF94A /* PPHunterAirplane.m */; };
		EBC1BC9418A7D7EE006DF94A /* PPBomber.m in Sources */ = {isa = PBXBuildFile; fileRef = EBC1BC9318A7D7EE006DF94A /* PPBomber.m */; };
		EBD32CC618AE94BB00F8F1D1 /* missile.png in Resources */ = {isa = PBXBuildFile; fileRef = EBD32CC518AE94BB00F8F1D1 /* missile.png */; };
		EBD32CC818AEA2B800F8F1D1 /* SMOKE TRAIL.png in Resources */ = {isa = PBXBuildFile; fileRef = EBD32CC718AEA2B800F8F1D1 /* SMOKE TRAIL.png */; };
		EBD32CCB18AEA30300F8F1D1 /* trail.sks in Resources */ = {isa = PBXBuildFile; fileRef = EBD32CC918AEA30300F8F1D1 /* trail.sks */; };
		EBD32CCC18AEA30300F8F1D1 /* spark.png in Resources */ = {isa = PBXBuildFile; fileRef = EBD32CCA18AEA30300F8F1D1 /* spark.png */; };
/* End PBXBuildFile section */

/* Begin PBXContainerItemProxy section */
		EB1BC0A8187F48970056D80D /* PBXContainerItemProxy */ = {
			isa = PBXContainerItemProxy;
			containerPortal = EB1BC073187F48970056D80D /* Project object */;
			proxyType = 1;
			remoteGlobalIDString = EB1BC07A187F48970056D80D;
			remoteInfo = "PaperPlane Fighting";
		};
/* End PBXContainerItemProxy section */

/* Begin PBXFileReference section */
		EB1BC07B187F48970056D80D /* PaperPlane Fighting.app */ = {isa = PBXFileReference; explicitFileType = wrapper.application; includeInIndex = 0; path = "PaperPlane Fighting.app"; sourceTree = BUILT_PRODUCTS_DIR; };
		EB1BC07E187F48970056D80D /* Foundation.framework */ = {isa = PBXFileReference; lastKnownFileType = wrapper.framework; name = Foundation.framework; path = System/Library/Frameworks/Foundation.framework; sourceTree = SDKROOT; };
		EB1BC080187F48970056D80D /* CoreGraphics.framework */ = {isa = PBXFileReference; lastKnownFileType = wrapper.framework; name = CoreGraphics.framework; path = System/Library/Frameworks/CoreGraphics.framework; sourceTree = SDKROOT; };
		EB1BC082187F48970056D80D /* UIKit.framework */ = {isa = PBXFileReference; lastKnownFileType = wrapper.framework; name = UIKit.framework; path = System/Library/Frameworks/UIKit.framework; sourceTree = SDKROOT; };
		EB1BC084187F48970056D80D /* SpriteKit.framework */ = {isa = PBXFileReference; lastKnownFileType = wrapper.framework; name = SpriteKit.framework; path = System/Library/Frameworks/SpriteKit.framework; sourceTree = SDKROOT; };
		EB1BC088187F48970056D80D /* PaperPlane Fighting-Info.plist */ = {isa = PBXFileReference; lastKnownFileType = text.plist.xml; path = "PaperPlane Fighting-Info.plist"; sourceTree = "<group>"; };
		EB1BC08A187F48970056D80D /* en */ = {isa = PBXFileReference; lastKnownFileType = text.plist.strings; name = en; path = en.lproj/InfoPlist.strings; sourceTree = "<group>"; };
		EB1BC08C187F48970056D80D /* main.m */ = {isa = PBXFileReference; lastKnownFileType = sourcecode.c.objc; path = main.m; sourceTree = "<group>"; };
		EB1BC08E187F48970056D80D /* PaperPlane Fighting-Prefix.pch */ = {isa = PBXFileReference; lastKnownFileType = sourcecode.c.h; path = "PaperPlane Fighting-Prefix.pch"; sourceTree = "<group>"; };
		EB1BC08F187F48970056D80D /* PPAppDelegate.h */ = {isa = PBXFileReference; lastKnownFileType = sourcecode.c.h; path = PPAppDelegate.h; sourceTree = "<group>"; };
		EB1BC090187F48970056D80D /* PPAppDelegate.m */ = {isa = PBXFileReference; lastKnownFileType = sourcecode.c.objc; path = PPAppDelegate.m; sourceTree = "<group>"; };
		EB1BC093187F48970056D80D /* Base */ = {isa = PBXFileReference; lastKnownFileType = file.storyboard; name = Base; path = Base.lproj/Main.storyboard; sourceTree = "<group>"; };
		EB1BC095187F48970056D80D /* PPViewController.h */ = {isa = PBXFileReference; lastKnownFileType = sourcecode.c.h; path = PPViewController.h; sourceTree = "<group>"; };
		EB1BC096187F48970056D80D /* PPViewController.m */ = {isa = PBXFileReference; lastKnownFileType = sourcecode.c.objc; path = PPViewController.m; sourceTree = "<group>"; };
		EB1BC098187F48970056D80D /* PPMyScene.h */ = {isa = PBXFileReference; lastKnownFileType = sourcecode.c.h; path = PPMyScene.h; sourceTree = "<group>"; };
		EB1BC099187F48970056D80D /* PPMyScene.m */ = {isa = PBXFileReference; lastKnownFileType = sourcecode.c.objc; path = PPMyScene.m; sourceTree = "<group>"; };
		EB1BC09B187F48970056D80D /* Spaceship.png */ = {isa = PBXFileReference; lastKnownFileType = image.png; path = Spaceship.png; sourceTree = "<group>"; };
		EB1BC09D187F48970056D80D /* Images.xcassets */ = {isa = PBXFileReference; lastKnownFileType = folder.assetcatalog; path = Images.xcassets; sourceTree = "<group>"; };
		EB1BC0A3187F48970056D80D /* PaperPlane FightingTests.xctest */ = {isa = PBXFileReference; explicitFileType = wrapper.cfbundle; includeInIndex = 0; path = "PaperPlane FightingTests.xctest"; sourceTree = BUILT_PRODUCTS_DIR; };
		EB1BC0A4187F48970056D80D /* XCTest.framework */ = {isa = PBXFileReference; lastKnownFileType = wrapper.framework; name = XCTest.framework; path = Library/Frameworks/XCTest.framework; sourceTree = DEVELOPER_DIR; };
		EB1BC0AC187F48970056D80D /* PaperPlane FightingTests-Info.plist */ = {isa = PBXFileReference; lastKnownFileType = text.plist.xml; path = "PaperPlane FightingTests-Info.plist"; sourceTree = "<group>"; };
		EB1BC0AE187F48970056D80D /* en */ = {isa = PBXFileReference; lastKnownFileType = text.plist.strings; name = en; path = en.lproj/InfoPlist.strings; sourceTree = "<group>"; };
		EB1BC0B0187F48970056D80D /* PaperPlane_FightingTests.m */ = {isa = PBXFileReference; lastKnownFileType = sourcecode.c.objc; path = PaperPlane_FightingTests.m; sourceTree = "<group>"; };
		EB29AF3B18A43CA400A75689 /* B 2.png */ = {isa = PBXFileReference; lastKnownFileType = image.png; path = "B 2.png"; sourceTree = "<group>"; };
		EB7D82D318A57C8D006EC594 /* SKButtonNode.h */ = {isa = PBXFileReference; fileEncoding = 4; lastKnownFileType = sourcecode.c.h; path = SKButtonNode.h; sourceTree = "<group>"; };
		EB7D82D418A57C8D006EC594 /* SKButtonNode.m */ = {isa = PBXFileReference; fileEncoding = 4; lastKnownFileType = sourcecode.c.objc; path = SKButtonNode.m; sourceTree = "<group>"; };
		EB7D82D618A580ED006EC594 /* PLANE 1 N.png */ = {isa = PBXFileReference; lastKnownFileType = image.png; path = "PLANE 1 N.png"; sourceTree = "<group>"; };
		EB7D82D718A580ED006EC594 /* PLANE 2 N.png */ = {isa = PBXFileReference; lastKnownFileType = image.png; path = "PLANE 2 N.png"; sourceTree = "<group>"; };
		EB7D82D818A580ED006EC594 /* PLANE 8 L.png */ = {isa = PBXFileReference; lastKnownFileType = image.png; path = "PLANE 8 L.png"; sourceTree = "<group>"; };
		EB7D82D918A580ED006EC594 /* PLANE 8 N.png */ = {isa = PBXFileReference; lastKnownFileType = image.png; path = "PLANE 8 N.png"; sourceTree = "<group>"; };
		EB7D82DA18A580ED006EC594 /* PLANE 8 R.png */ = {isa = PBXFileReference; lastKnownFileType = image.png; path = "PLANE 8 R.png"; sourceTree = "<group>"; };
		EB7D82DB18A580ED006EC594 /* PLANE 8 SHADOW.png */ = {isa = PBXFileReference; lastKnownFileType = image.png; path = "PLANE 8 SHADOW.png"; sourceTree = "<group>"; };
		EB7D82DC18A580ED006EC594 /* PLANE PROPELLER 1.png */ = {isa = PBXFileReference; lastKnownFileType = image.png; path = "PLANE PROPELLER 1.png"; sourceTree = "<group>"; };
		EB7D82DD18A580ED006EC594 /* PLANE PROPELLER 2.png */ = {isa = PBXFileReference; lastKnownFileType = image.png; path = "PLANE PROPELLER 2.png"; sourceTree = "<group>"; };
		EB7D82E618A593FE006EC594 /* airPlanesBackground.png */ = {isa = PBXFileReference; lastKnownFileType = image.png; path = airPlanesBackground.png; sourceTree = "<group>"; };
		EB7D82EF18A69D45006EC594 /* PPConstants.h */ = {isa = PBXFileReference; fileEncoding = 4; lastKnownFileType = sourcecode.c.h; path = PPConstants.h; sourceTree = "<group>"; };
		EB7D82F018A69D45006EC594 /* PPConstants.m */ = {isa = PBXFileReference; fileEncoding = 4; lastKnownFileType = sourcecode.c.objc; path = PPConstants.m; sourceTree = "<group>"; };
		EB97D7831891BAB40039AC04 /* SKShapeNode+Additions.h */ = {isa = PBXFileReference; fileEncoding = 4; lastKnownFileType = sourcecode.c.h; path = "SKShapeNode+Additions.h"; sourceTree = "<group>"; };
		EB97D7841891BAB40039AC04 /* SKShapeNode+Additions.m */ = {isa = PBXFileReference; fileEncoding = 4; lastKnownFileType = sourcecode.c.objc; path = "SKShapeNode+Additions.m"; sourceTree = "<group>"; };
		EB97D7861891BE390039AC04 /* SKSpriteNode+Additions.h */ = {isa = PBXFileReference; fileEncoding = 4; lastKnownFileType = sourcecode.c.h; path = "SKSpriteNode+Additions.h"; sourceTree = "<group>"; };
		EB97D7871891BE390039AC04 /* SKSpriteNode+Additions.m */ = {isa = PBXFileReference; fileEncoding = 4; lastKnownFileType = sourcecode.c.objc; path = "SKSpriteNode+Additions.m"; sourceTree = "<group>"; };
		EB97D78A1891C91C0039AC04 /* PPSpriteNode.h */ = {isa = PBXFileReference; fileEncoding = 4; lastKnownFileType = sourcecode.c.h; path = PPSpriteNode.h; sourceTree = "<group>"; };
		EB97D78B1891C91C0039AC04 /* PPSpriteNode.m */ = {isa = PBXFileReference; fileEncoding = 4; lastKnownFileType = sourcecode.c.objc; path = PPSpriteNode.m; sourceTree = "<group>"; };
		EB97D78D1891D92F0039AC04 /* PPMath.h */ = {isa = PBXFileReference; fileEncoding = 4; lastKnownFileType = sourcecode.c.h; path = PPMath.h; sourceTree = "<group>"; };
		EB97D78E1891D92F0039AC04 /* PPMath.m */ = {isa = PBXFileReference; fileEncoding = 4; lastKnownFileType = sourcecode.c.objc; path = PPMath.m; sourceTree = "<group>"; };
		EBC1BC8918A7D7A8006DF94A /* PPMainAirplane.h */ = {isa = PBXFileReference; fileEncoding = 4; lastKnownFileType = sourcecode.c.h; path = PPMainAirplane.h; sourceTree = "<group>"; };
		EBC1BC8A18A7D7A8006DF94A /* PPMainAirplane.m */ = {isa = PBXFileReference; fileEncoding = 4; lastKnownFileType = sourcecode.c.objc; path = PPMainAirplane.m; sourceTree = "<group>"; };
		EBC1BC8C18A7D7CA006DF94A /* PPMissile.h */ = {isa = PBXFileReference; fileEncoding = 4; lastKnownFileType = sourcecode.c.h; path = PPMissile.h; sourceTree = "<group>"; };
		EBC1BC8D18A7D7CA006DF94A /* PPMissile.m */ = {isa = PBXFileReference; fileEncoding = 4; lastKnownFileType = sourcecode.c.objc; path = PPMissile.m; sourceTree = "<group>"; };
		EBC1BC8F18A7D7E0006DF94A /* PPHunterAirplane.h */ = {isa = PBXFileReference; fileEncoding = 4; lastKnownFileType = sourcecode.c.h; path = PPHunterAirplane.h; sourceTree = "<group>"; };
		EBC1BC9018A7D7E0006DF94A /* PPHunterAirplane.m */ = {isa = PBXFileReference; fileEncoding = 4; lastKnownFileType = sourcecode.c.objc; path = PPHunterAirplane.m; sourceTree = "<group>"; };
		EBC1BC9218A7D7EE006DF94A /* PPBomber.h */ = {isa = PBXFileReference; fileEncoding = 4; lastKnownFileType = sourcecode.c.h; path = PPBomber.h; sourceTree = "<group>"; };
		EBC1BC9318A7D7EE006DF94A /* PPBomber.m */ = {isa = PBXFileReference; fileEncoding = 4; lastKnownFileType = sourcecode.c.objc; path = PPBomber.m; sourceTree = "<group>"; };
		EBD32CC518AE94BB00F8F1D1 /* missile.png */ = {isa = PBXFileReference; lastKnownFileType = image.png; path = missile.png; sourceTree = "<group>"; };
		EBD32CC718AEA2B800F8F1D1 /* SMOKE TRAIL.png */ = {isa = PBXFileReference; lastKnownFileType = image.png; path = "SMOKE TRAIL.png"; sourceTree = "<group>"; };
		EBD32CC918AEA30300F8F1D1 /* trail.sks */ = {isa = PBXFileReference; lastKnownFileType = file.sks; path = trail.sks; sourceTree = "<group>"; };
		EBD32CCA18AEA30300F8F1D1 /* spark.png */ = {isa = PBXFileReference; lastKnownFileType = image.png; path = spark.png; sourceTree = "<group>"; };
/* End PBXFileReference section */

/* Begin PBXFrameworksBuildPhase section */
		EB1BC078187F48970056D80D /* Frameworks */ = {
			isa = PBXFrameworksBuildPhase;
			buildActionMask = 2147483647;
			files = (
				EB1BC081187F48970056D80D /* CoreGraphics.framework in Frameworks */,
				EB1BC083187F48970056D80D /* UIKit.framework in Frameworks */,
				EB1BC085187F48970056D80D /* SpriteKit.framework in Frameworks */,
				EB1BC07F187F48970056D80D /* Foundation.framework in Frameworks */,
			);
			runOnlyForDeploymentPostprocessing = 0;
		};
		EB1BC0A0187F48970056D80D /* Frameworks */ = {
			isa = PBXFrameworksBuildPhase;
			buildActionMask = 2147483647;
			files = (
				EB1BC0A5187F48970056D80D /* XCTest.framework in Frameworks */,
				EB1BC0A7187F48970056D80D /* UIKit.framework in Frameworks */,
				EB1BC0A6187F48970056D80D /* Foundation.framework in Frameworks */,
			);
			runOnlyForDeploymentPostprocessing = 0;
		};
/* End PBXFrameworksBuildPhase section */

/* Begin PBXGroup section */
		EB1BC072187F48970056D80D = {
			isa = PBXGroup;
			children = (
				EB1BC086187F48970056D80D /* PaperPlane Fighting */,
				EB1BC0AA187F48970056D80D /* PaperPlane FightingTests */,
				EB1BC07D187F48970056D80D /* Frameworks */,
				EB1BC07C187F48970056D80D /* Products */,
			);
			sourceTree = "<group>";
		};
		EB1BC07C187F48970056D80D /* Products */ = {
			isa = PBXGroup;
			children = (
				EB1BC07B187F48970056D80D /* PaperPlane Fighting.app */,
				EB1BC0A3187F48970056D80D /* PaperPlane FightingTests.xctest */,
			);
			name = Products;
			sourceTree = "<group>";
		};
		EB1BC07D187F48970056D80D /* Frameworks */ = {
			isa = PBXGroup;
			children = (
				EB1BC07E187F48970056D80D /* Foundation.framework */,
				EB1BC080187F48970056D80D /* CoreGraphics.framework */,
				EB1BC082187F48970056D80D /* UIKit.framework */,
				EB1BC084187F48970056D80D /* SpriteKit.framework */,
				EB1BC0A4187F48970056D80D /* XCTest.framework */,
			);
			name = Frameworks;
			sourceTree = "<group>";
		};
		EB1BC086187F48970056D80D /* PaperPlane Fighting */ = {
			isa = PBXGroup;
			children = (
				EB7D82EE18A69CD6006EC594 /* Support */,
				EB7D82ED18A69CAB006EC594 /* Menus */,
				EB7D82EC18A69C7B006EC594 /* Categories */,
				EB7D82EB18A69C49006EC594 /* ViewControllers */,
				EB7D82EA18A69AAD006EC594 /* Scenes */,
				EB7D82E918A69A8D006EC594 /* Resources */,
				EB7D82E818A69A83006EC594 /* Actors */,
				EB1BC08F187F48970056D80D /* PPAppDelegate.h */,
				EB1BC090187F48970056D80D /* PPAppDelegate.m */,
				EB1BC092187F48970056D80D /* Main.storyboard */,
				EB1BC09D187F48970056D80D /* Images.xcassets */,
				EB1BC087187F48970056D80D /* Supporting Files */,
			);
			path = "PaperPlane Fighting";
			sourceTree = "<group>";
		};
		EB1BC087187F48970056D80D /* Supporting Files */ = {
			isa = PBXGroup;
			children = (
				EB1BC088187F48970056D80D /* PaperPlane Fighting-Info.plist */,
				EB1BC089187F48970056D80D /* InfoPlist.strings */,
				EB1BC08C187F48970056D80D /* main.m */,
				EB1BC08E187F48970056D80D /* PaperPlane Fighting-Prefix.pch */,
			);
			name = "Supporting Files";
			sourceTree = "<group>";
		};
		EB1BC0AA187F48970056D80D /* PaperPlane FightingTests */ = {
			isa = PBXGroup;
			children = (
				EB1BC0B0187F48970056D80D /* PaperPlane_FightingTests.m */,
				EB1BC0AB187F48970056D80D /* Supporting Files */,
			);
			path = "PaperPlane FightingTests";
			sourceTree = "<group>";
		};
		EB1BC0AB187F48970056D80D /* Supporting Files */ = {
			isa = PBXGroup;
			children = (
				EB1BC0AC187F48970056D80D /* PaperPlane FightingTests-Info.plist */,
				EB1BC0AD187F48970056D80D /* InfoPlist.strings */,
			);
			name = "Supporting Files";
			sourceTree = "<group>";
		};
		EB7D82E818A69A83006EC594 /* Actors */ = {
			isa = PBXGroup;
			children = (
				EB97D78A1891C91C0039AC04 /* PPSpriteNode.h */,
				EB97D78B1891C91C0039AC04 /* PPSpriteNode.m */,
				EBC1BC8918A7D7A8006DF94A /* PPMainAirplane.h */,
				EBC1BC8A18A7D7A8006DF94A /* PPMainAirplane.m */,
				EBC1BC8C18A7D7CA006DF94A /* PPMissile.h */,
				EBC1BC8D18A7D7CA006DF94A /* PPMissile.m */,
				EBC1BC8F18A7D7E0006DF94A /* PPHunterAirplane.h */,
				EBC1BC9018A7D7E0006DF94A /* PPHunterAirplane.m */,
				EBC1BC9218A7D7EE006DF94A /* PPBomber.h */,
				EBC1BC9318A7D7EE006DF94A /* PPBomber.m */,
			);
			name = Actors;
			sourceTree = "<group>";
		};
		EB7D82E918A69A8D006EC594 /* Resources */ = {
			isa = PBXGroup;
			children = (
				EB7D82E618A593FE006EC594 /* airPlanesBackground.png */,
				EBD32CC718AEA2B800F8F1D1 /* SMOKE TRAIL.png */,
				EBD32CC518AE94BB00F8F1D1 /* missile.png */,
				EB7D82D618A580ED006EC594 /* PLANE 1 N.png */,
				EB7D82D718A580ED006EC594 /* PLANE 2 N.png */,
				EB7D82D818A580ED006EC594 /* PLANE 8 L.png */,
				EB7D82D918A580ED006EC594 /* PLANE 8 N.png */,
				EB7D82DA18A580ED006EC594 /* PLANE 8 R.png */,
				EB7D82DB18A580ED006EC594 /* PLANE 8 SHADOW.png */,
				EB7D82DC18A580ED006EC594 /* PLANE PROPELLER 1.png */,
				EB7D82DD18A580ED006EC594 /* PLANE PROPELLER 2.png */,
				EB29AF3B18A43CA400A75689 /* B 2.png */,
				EB1BC09B187F48970056D80D /* Spaceship.png */,
				EBD32CC918AEA30300F8F1D1 /* trail.sks */,
				EBD32CCA18AEA30300F8F1D1 /* spark.png */,
			);
			name = Resources;
			sourceTree = "<group>";
		};
		EB7D82EA18A69AAD006EC594 /* Scenes */ = {
			isa = PBXGroup;
			children = (
				EB1BC098187F48970056D80D /* PPMyScene.h */,
				EB1BC099187F48970056D80D /* PPMyScene.m */,
			);
			name = Scenes;
			sourceTree = "<group>";
		};
		EB7D82EB18A69C49006EC594 /* ViewControllers */ = {
			isa = PBXGroup;
			children = (
				EB1BC095187F48970056D80D /* PPViewController.h */,
				EB1BC096187F48970056D80D /* PPViewController.m */,
			);
			name = ViewControllers;
			sourceTree = "<group>";
		};
		EB7D82EC18A69C7B006EC594 /* Categories */ = {
			isa = PBXGroup;
			children = (
				EB97D7831891BAB40039AC04 /* SKShapeNode+Additions.h */,
				EB97D7841891BAB40039AC04 /* SKShapeNode+Additions.m */,
				EB97D7861891BE390039AC04 /* SKSpriteNode+Additions.h */,
				EB97D7871891BE390039AC04 /* SKSpriteNode+Additions.m */,
			);
			name = Categories;
			sourceTree = "<group>";
		};
		EB7D82ED18A69CAB006EC594 /* Menus */ = {
			isa = PBXGroup;
			children = (
				EB7D82D318A57C8D006EC594 /* SKButtonNode.h */,
				EB7D82D418A57C8D006EC594 /* SKButtonNode.m */,
			);
			name = Menus;
			sourceTree = "<group>";
		};
		EB7D82EE18A69CD6006EC594 /* Support */ = {
			isa = PBXGroup;
			children = (
				EB97D78D1891D92F0039AC04 /* PPMath.h */,
				EB97D78E1891D92F0039AC04 /* PPMath.m */,
				EB7D82EF18A69D45006EC594 /* PPConstants.h */,
				EB7D82F018A69D45006EC594 /* PPConstants.m */,
			);
			name = Support;
			sourceTree = "<group>";
		};
/* End PBXGroup section */

/* Begin PBXNativeTarget section */
		EB1BC07A187F48970056D80D /* PaperPlane Fighting */ = {
			isa = PBXNativeTarget;
			buildConfigurationList = EB1BC0B4187F48970056D80D /* Build configuration list for PBXNativeTarget "PaperPlane Fighting" */;
			buildPhases = (
				EB1BC077187F48970056D80D /* Sources */,
				EB1BC078187F48970056D80D /* Frameworks */,
				EB1BC079187F48970056D80D /* Resources */,
			);
			buildRules = (
			);
			dependencies = (
			);
			name = "PaperPlane Fighting";
			productName = "PaperPlane Fighting";
			productReference = EB1BC07B187F48970056D80D /* PaperPlane Fighting.app */;
			productType = "com.apple.product-type.application";
		};
		EB1BC0A2187F48970056D80D /* PaperPlane FightingTests */ = {
			isa = PBXNativeTarget;
			buildConfigurationList = EB1BC0B7187F48970056D80D /* Build configuration list for PBXNativeTarget "PaperPlane FightingTests" */;
			buildPhases = (
				EB1BC09F187F48970056D80D /* Sources */,
				EB1BC0A0187F48970056D80D /* Frameworks */,
				EB1BC0A1187F48970056D80D /* Resources */,
			);
			buildRules = (
			);
			dependencies = (
				EB1BC0A9187F48970056D80D /* PBXTargetDependency */,
			);
			name = "PaperPlane FightingTests";
			productName = "PaperPlane FightingTests";
			productReference = EB1BC0A3187F48970056D80D /* PaperPlane FightingTests.xctest */;
			productType = "com.apple.product-type.bundle.unit-test";
		};
/* End PBXNativeTarget section */

/* Begin PBXProject section */
		EB1BC073187F48970056D80D /* Project object */ = {
			isa = PBXProject;
			attributes = {
				CLASSPREFIX = PP;
				LastUpgradeCheck = 0500;
				ORGANIZATIONNAME = "Horatiu Istrate";
				TargetAttributes = {
					EB1BC0A2187F48970056D80D = {
						TestTargetID = EB1BC07A187F48970056D80D;
					};
				};
			};
			buildConfigurationList = EB1BC076187F48970056D80D /* Build configuration list for PBXProject "PaperPlane Fighting" */;
			compatibilityVersion = "Xcode 3.2";
			developmentRegion = English;
			hasScannedForEncodings = 0;
			knownRegions = (
				en,
				Base,
			);
			mainGroup = EB1BC072187F48970056D80D;
			productRefGroup = EB1BC07C187F48970056D80D /* Products */;
			projectDirPath = "";
			projectRoot = "";
			targets = (
				EB1BC07A187F48970056D80D /* PaperPlane Fighting */,
				EB1BC0A2187F48970056D80D /* PaperPlane FightingTests */,
			);
		};
/* End PBXProject section */

/* Begin PBXResourcesBuildPhase section */
		EB1BC079187F48970056D80D /* Resources */ = {
			isa = PBXResourcesBuildPhase;
			buildActionMask = 2147483647;
			files = (
				EB1BC08B187F48970056D80D /* InfoPlist.strings in Resources */,
				EBD32CCC18AEA30300F8F1D1 /* spark.png in Resources */,
				EB7D82DF18A580ED006EC594 /* PLANE 2 N.png in Resources */,
				EB7D82DE18A580ED006EC594 /* PLANE 1 N.png in Resources */,
				EB7D82E118A580ED006EC594 /* PLANE 8 N.png in Resources */,
				EB1BC09E187F48970056D80D /* Images.xcassets in Resources */,
				EB7D82E718A593FE006EC594 /* airPlanesBackground.png in Resources */,
				EB7D82E018A580ED006EC594 /* PLANE 8 L.png in Resources */,
				EBD32CC618AE94BB00F8F1D1 /* missile.png in Resources */,
				EB7D82E218A580ED006EC594 /* PLANE 8 R.png in Resources */,
				EBD32CCB18AEA30300F8F1D1 /* trail.sks in Resources */,
				EB1BC09C187F48970056D80D /* Spaceship.png in Resources */,
				EB29AF3C18A43CA400A75689 /* B 2.png in Resources */,
				EB1BC094187F48970056D80D /* Main.storyboard in Resources */,
				EB7D82E418A580ED006EC594 /* PLANE PROPELLER 1.png in Resources */,
				EBD32CC818AEA2B800F8F1D1 /* SMOKE TRAIL.png in Resources */,
				EB7D82E318A580ED006EC594 /* PLANE 8 SHADOW.png in Resources */,
				EB7D82E518A580ED006EC594 /* PLANE PROPELLER 2.png in Resources */,
			);
			runOnlyForDeploymentPostprocessing = 0;
		};
		EB1BC0A1187F48970056D80D /* Resources */ = {
			isa = PBXResourcesBuildPhase;
			buildActionMask = 2147483647;
			files = (
				EB1BC0AF187F48970056D80D /* InfoPlist.strings in Resources */,
			);
			runOnlyForDeploymentPostprocessing = 0;
		};
/* End PBXResourcesBuildPhase section */

/* Begin PBXSourcesBuildPhase section */
		EB1BC077187F48970056D80D /* Sources */ = {
			isa = PBXSourcesBuildPhase;
			buildActionMask = 2147483647;
			files = (
				EBC1BC8B18A7D7A8006DF94A /* PPMainAirplane.m in Sources */,
				EB97D7881891BE390039AC04 /* SKSpriteNode+Additions.m in Sources */,
				EBC1BC9418A7D7EE006DF94A /* PPBomber.m in Sources */,
				EB7D82F118A69D45006EC594 /* PPConstants.m in Sources */,
				EB7D82D518A57C8D006EC594 /* SKButtonNode.m in Sources */,
				EB1BC091187F48970056D80D /* PPAppDelegate.m in Sources */,
				EB1BC097187F48970056D80D /* PPViewController.m in Sources */,
				EB1BC09A187F48970056D80D /* PPMyScene.m in Sources */,
				EB97D78C1891C91C0039AC04 /* PPSpriteNode.m in Sources */,
				EBC1BC8E18A7D7CA006DF94A /* PPMissile.m in Sources */,
				EB97D78F1891D92F0039AC04 /* PPMath.m in Sources */,
				EBC1BC9118A7D7E0006DF94A /* PPHunterAirplane.m in Sources */,
				EB1BC08D187F48970056D80D /* main.m in Sources */,
				EB97D7851891BAB40039AC04 /* SKShapeNode+Additions.m in Sources */,
			);
			runOnlyForDeploymentPostprocessing = 0;
		};
		EB1BC09F187F48970056D80D /* Sources */ = {
			isa = PBXSourcesBuildPhase;
			buildActionMask = 2147483647;
			files = (
				EB1BC0B1187F48970056D80D /* PaperPlane_FightingTests.m in Sources */,
			);
			runOnlyForDeploymentPostprocessing = 0;
		};
/* End PBXSourcesBuildPhase section */

/* Begin PBXTargetDependency section */
		EB1BC0A9187F48970056D80D /* PBXTargetDependency */ = {
			isa = PBXTargetDependency;
			target = EB1BC07A187F48970056D80D /* PaperPlane Fighting */;
			targetProxy = EB1BC0A8187F48970056D80D /* PBXContainerItemProxy */;
		};
/* End PBXTargetDependency section */

/* Begin PBXVariantGroup section */
		EB1BC089187F48970056D80D /* InfoPlist.strings */ = {
			isa = PBXVariantGroup;
			children = (
				EB1BC08A187F48970056D80D /* en */,
			);
			name = InfoPlist.strings;
			sourceTree = "<group>";
		};
		EB1BC092187F48970056D80D /* Main.storyboard */ = {
			isa = PBXVariantGroup;
			children = (
				EB1BC093187F48970056D80D /* Base */,
			);
			name = Main.storyboard;
			sourceTree = "<group>";
		};
		EB1BC0AD187F48970056D80D /* InfoPlist.strings */ = {
			isa = PBXVariantGroup;
			children = (
				EB1BC0AE187F48970056D80D /* en */,
			);
			name = InfoPlist.strings;
			sourceTree = "<group>";
		};
/* End PBXVariantGroup section */

/* Begin XCBuildConfiguration section */
		EB1BC0B2187F48970056D80D /* Debug */ = {
			isa = XCBuildConfiguration;
			buildSettings = {
				ALWAYS_SEARCH_USER_PATHS = NO;
				ARCHS = "$(ARCHS_STANDARD_INCLUDING_64_BIT)";
				CLANG_CXX_LANGUAGE_STANDARD = "gnu++0x";
				CLANG_CXX_LIBRARY = "libc++";
				CLANG_ENABLE_MODULES = YES;
				CLANG_ENABLE_OBJC_ARC = YES;
				CLANG_WARN_BOOL_CONVERSION = YES;
				CLANG_WARN_CONSTANT_CONVERSION = YES;
				CLANG_WARN_DIRECT_OBJC_ISA_USAGE = YES_ERROR;
				CLANG_WARN_EMPTY_BODY = YES;
				CLANG_WARN_ENUM_CONVERSION = YES;
				CLANG_WARN_INT_CONVERSION = YES;
				CLANG_WARN_OBJC_ROOT_CLASS = YES_ERROR;
				CLANG_WARN__DUPLICATE_METHOD_MATCH = YES;
				"CODE_SIGN_IDENTITY[sdk=iphoneos*]" = "iPhone Developer";
				COPY_PHASE_STRIP = NO;
				GCC_C_LANGUAGE_STANDARD = gnu99;
				GCC_DYNAMIC_NO_PIC = NO;
				GCC_OPTIMIZATION_LEVEL = 0;
				GCC_PREPROCESSOR_DEFINITIONS = (
					"DEBUG=1",
					"$(inherited)",
				);
				GCC_SYMBOLS_PRIVATE_EXTERN = NO;
				GCC_WARN_64_TO_32_BIT_CONVERSION = YES;
				GCC_WARN_ABOUT_RETURN_TYPE = YES_ERROR;
				GCC_WARN_UNDECLARED_SELECTOR = YES;
				GCC_WARN_UNINITIALIZED_AUTOS = YES;
				GCC_WARN_UNUSED_FUNCTION = YES;
				GCC_WARN_UNUSED_VARIABLE = YES;
				IPHONEOS_DEPLOYMENT_TARGET = 7.0;
				ONLY_ACTIVE_ARCH = YES;
				SDKROOT = iphoneos;
				TARGETED_DEVICE_FAMILY = 2;
			};
			name = Debug;
		};
		EB1BC0B3187F48970056D80D /* Release */ = {
			isa = XCBuildConfiguration;
			buildSettings = {
				ALWAYS_SEARCH_USER_PATHS = NO;
				ARCHS = "$(ARCHS_STANDARD_INCLUDING_64_BIT)";
				CLANG_CXX_LANGUAGE_STANDARD = "gnu++0x";
				CLANG_CXX_LIBRARY = "libc++";
				CLANG_ENABLE_MODULES = YES;
				CLANG_ENABLE_OBJC_ARC = YES;
				CLANG_WARN_BOOL_CONVERSION = YES;
				CLANG_WARN_CONSTANT_CONVERSION = YES;
				CLANG_WARN_DIRECT_OBJC_ISA_USAGE = YES_ERROR;
				CLANG_WARN_EMPTY_BODY = YES;
				CLANG_WARN_ENUM_CONVERSION = YES;
				CLANG_WARN_INT_CONVERSION = YES;
				CLANG_WARN_OBJC_ROOT_CLASS = YES_ERROR;
				CLANG_WARN__DUPLICATE_METHOD_MATCH = YES;
				"CODE_SIGN_IDENTITY[sdk=iphoneos*]" = "iPhone Developer";
				COPY_PHASE_STRIP = YES;
				ENABLE_NS_ASSERTIONS = NO;
				GCC_C_LANGUAGE_STANDARD = gnu99;
				GCC_WARN_64_TO_32_BIT_CONVERSION = YES;
				GCC_WARN_ABOUT_RETURN_TYPE = YES_ERROR;
				GCC_WARN_UNDECLARED_SELECTOR = YES;
				GCC_WARN_UNINITIALIZED_AUTOS = YES;
				GCC_WARN_UNUSED_FUNCTION = YES;
				GCC_WARN_UNUSED_VARIABLE = YES;
				IPHONEOS_DEPLOYMENT_TARGET = 7.0;
				SDKROOT = iphoneos;
				TARGETED_DEVICE_FAMILY = 2;
				VALIDATE_PRODUCT = YES;
			};
			name = Release;
		};
		EB1BC0B5187F48970056D80D /* Debug */ = {
			isa = XCBuildConfiguration;
			buildSettings = {
				ASSETCATALOG_COMPILER_APPICON_NAME = AppIcon;
				ASSETCATALOG_COMPILER_LAUNCHIMAGE_NAME = LaunchImage;
				GCC_PRECOMPILE_PREFIX_HEADER = YES;
				GCC_PREFIX_HEADER = "PaperPlane Fighting/PaperPlane Fighting-Prefix.pch";
				INFOPLIST_FILE = "PaperPlane Fighting/PaperPlane Fighting-Info.plist";
				PRODUCT_NAME = "$(TARGET_NAME)";
				SPRITEKIT_TEXTURE_ATLAS_OUTPUT = YES;
				WRAPPER_EXTENSION = app;
			};
			name = Debug;
		};
		EB1BC0B6187F48970056D80D /* Release */ = {
			isa = XCBuildConfiguration;
			buildSettings = {
				ASSETCATALOG_COMPILER_APPICON_NAME = AppIcon;
				ASSETCATALOG_COMPILER_LAUNCHIMAGE_NAME = LaunchImage;
				GCC_PRECOMPILE_PREFIX_HEADER = YES;
				GCC_PREFIX_HEADER = "PaperPlane Fighting/PaperPlane Fighting-Prefix.pch";
				INFOPLIST_FILE = "PaperPlane Fighting/PaperPlane Fighting-Info.plist";
				PRODUCT_NAME = "$(TARGET_NAME)";
				SPRITEKIT_TEXTURE_ATLAS_OUTPUT = YES;
				WRAPPER_EXTENSION = app;
			};
			name = Release;
		};
		EB1BC0B8187F48970056D80D /* Debug */ = {
			isa = XCBuildConfiguration;
			buildSettings = {
				ARCHS = "$(ARCHS_STANDARD_INCLUDING_64_BIT)";
				BUNDLE_LOADER = "$(BUILT_PRODUCTS_DIR)/PaperPlane Fighting.app/PaperPlane Fighting";
				FRAMEWORK_SEARCH_PATHS = (
					"$(SDKROOT)/Developer/Library/Frameworks",
					"$(inherited)",
					"$(DEVELOPER_FRAMEWORKS_DIR)",
				);
				GCC_PRECOMPILE_PREFIX_HEADER = YES;
				GCC_PREFIX_HEADER = "PaperPlane Fighting/PaperPlane Fighting-Prefix.pch";
				GCC_PREPROCESSOR_DEFINITIONS = (
					"DEBUG=1",
					"$(inherited)",
				);
				INFOPLIST_FILE = "PaperPlane FightingTests/PaperPlane FightingTests-Info.plist";
				PRODUCT_NAME = "$(TARGET_NAME)";
				TEST_HOST = "$(BUNDLE_LOADER)";
				WRAPPER_EXTENSION = xctest;
			};
			name = Debug;
		};
		EB1BC0B9187F48970056D80D /* Release */ = {
			isa = XCBuildConfiguration;
			buildSettings = {
				ARCHS = "$(ARCHS_STANDARD_INCLUDING_64_BIT)";
				BUNDLE_LOADER = "$(BUILT_PRODUCTS_DIR)/PaperPlane Fighting.app/PaperPlane Fighting";
				FRAMEWORK_SEARCH_PATHS = (
					"$(SDKROOT)/Developer/Library/Frameworks",
					"$(inherited)",
					"$(DEVELOPER_FRAMEWORKS_DIR)",
				);
				GCC_PRECOMPILE_PREFIX_HEADER = YES;
				GCC_PREFIX_HEADER = "PaperPlane Fighting/PaperPlane Fighting-Prefix.pch";
				INFOPLIST_FILE = "PaperPlane FightingTests/PaperPlane FightingTests-Info.plist";
				PRODUCT_NAME = "$(TARGET_NAME)";
				TEST_HOST = "$(BUNDLE_LOADER)";
				WRAPPER_EXTENSION = xctest;
			};
			name = Release;
		};
/* End XCBuildConfiguration section */

/* Begin XCConfigurationList section */
		EB1BC076187F48970056D80D /* Build configuration list for PBXProject "PaperPlane Fighting" */ = {
			isa = XCConfigurationList;
			buildConfigurations = (
				EB1BC0B2187F48970056D80D /* Debug */,
				EB1BC0B3187F48970056D80D /* Release */,
			);
			defaultConfigurationIsVisible = 0;
			defaultConfigurationName = Release;
		};
		EB1BC0B4187F48970056D80D /* Build configuration list for PBXNativeTarget "PaperPlane Fighting" */ = {
			isa = XCConfigurationList;
			buildConfigurations = (
				EB1BC0B5187F48970056D80D /* Debug */,
				EB1BC0B6187F48970056D80D /* Release */,
			);
			defaultConfigurationIsVisible = 0;
			defaultConfigurationName = Release;
		};
		EB1BC0B7187F48970056D80D /* Build configuration list for PBXNativeTarget "PaperPlane FightingTests" */ = {
			isa = XCConfigurationList;
			buildConfigurations = (
				EB1BC0B8187F48970056D80D /* Debug */,
				EB1BC0B9187F48970056D80D /* Release */,
			);
			defaultConfigurationIsVisible = 0;
			defaultConfigurationName = Release;
		};
/* End XCConfigurationList section */
	};
	rootObject = EB1BC073187F48970056D80D /* Project object */;
}
